
Microsoft Visual Studio Solution File, Format Version 12.00
# Visual Studio Version 17
VisualStudioVersion = 17.0.31903.59
MinimumVisualStudioVersion = 10.0.40219.1
Project("{FAE04EC0-301F-11D3-BF4B-00C04F79EFBC}") = "nu-plugin-dotnet", "nu-plugin-dotnet.csproj", "{D30FD087-5A32-4BB8-80C0-221D250AE93C}"
EndProject
Project("{FAE04EC0-301F-11D3-BF4B-00C04F79EFBC}") = "NuPluginDotNet.Protocol", "NuPluginDotNet.Protocol\NuPluginDotNet.Protocol.csproj", "{78C53B73-C61A-47F3-9397-B695C1620AAA}"
EndProject
Global
	GlobalSection(SolutionConfigurationPlatforms) = preSolution
		Debug|Any CPU = Debug|Any CPU
		Release|Any CPU = Release|Any CPU
	EndGlobalSection
	GlobalSection(SolutionProperties) = preSolution
		HideSolutionNode = FALSE
	EndGlobalSection
	GlobalSection(ProjectConfigurationPlatforms) = postSolution
		{D30FD087-5A32-4BB8-80C0-221D250AE93C}.Debug|Any CPU.ActiveCfg = Debug|Any CPU
		{D30FD087-5A32-4BB8-80C0-221D250AE93C}.Debug|Any CPU.Build.0 = Debug|Any CPU
		{D30FD087-5A32-4BB8-80C0-221D250AE93C}.Release|Any CPU.ActiveCfg = Release|Any CPU
		{D30FD087-5A32-4BB8-80C0-221D250AE93C}.Release|Any CPU.Build.0 = Release|Any CPU
		{78C53B73-C61A-47F3-9397-B695C1620AAA}.Debug|Any CPU.ActiveCfg = Debug|Any CPU
		{78C53B73-C61A-47F3-9397-B695C1620AAA}.Debug|Any CPU.Build.0 = Debug|Any CPU
		{78C53B73-C61A-47F3-9397-B695C1620AAA}.Release|Any CPU.ActiveCfg = Release|Any CPU
		{78C53B73-C61A-47F3-9397-B695C1620AAA}.Release|Any CPU.Build.0 = Release|Any CPU
	EndGlobalSection
EndGlobal
